
Microsoft Visual Studio Solution File, Format Version 12.00
# Visual Studio 15
VisualStudioVersion = 15.0.28010.2016
MinimumVisualStudioVersion = 10.0.40219.1
Project("{FAE04EC0-301F-11D3-BF4B-00C04F79EFBC}") = "SQLQueryApp", "SQLQueryApp\SQLQueryApp.csproj", "{B13B130A-F350-434D-88E6-A2A1100EC0F4}"
EndProject
Global
	GlobalSection(SolutionConfigurationPlatforms) = preSolution
		Debug|Any CPU = Debug|Any CPU
		Release|Any CPU = Release|Any CPU
	EndGlobalSection
	GlobalSection(ProjectConfigurationPlatforms) = postSolution
		{B13B130A-F350-434D-88E6-A2A1100EC0F4}.Debug|Any CPU.ActiveCfg = Debug|Any CPU
		{B13B130A-F350-434D-88E6-A2A1100EC0F4}.Debug|Any CPU.Build.0 = Debug|Any CPU
		{B13B130A-F350-434D-88E6-A2A1100EC0F4}.Release|Any CPU.ActiveCfg = Release|Any CPU
		{B13B130A-F350-434D-88E6-A2A1100EC0F4}.Release|Any CPU.Build.0 = Release|Any CPU
	EndGlobalSection
	GlobalSection(SolutionProperties) = preSolution
		HideSolutionNode = FALSE
	EndGlobalSection
	GlobalSection(ExtensibilityGlobals) = postSolution
		SolutionGuid = {0C386E1B-D656-496E-99DF-7B78995C3036}
	EndGlobalSection
EndGlobal
